
Microsoft Visual Studio Solution File, Format Version 12.00
# Visual Studio Version 17
VisualStudioVersion = 17.8.34525.116
MinimumVisualStudioVersion = 10.0.40219.1
Project("{FAE04EC0-301F-11D3-BF4B-00C04F79EFBC}") = "Day03FirstListView", "Day03FirstListView.csproj", "{05E7E1A9-BD6E-457E-A0F3-F7B8854EC907}"
EndProject
Global
	GlobalSection(SolutionConfigurationPlatforms) = preSolution
		Debug|Any CPU = Debug|Any CPU
		Release|Any CPU = Release|Any CPU
	EndGlobalSection
	GlobalSection(ProjectConfigurationPlatforms) = postSolution
		{05E7E1A9-BD6E-457E-A0F3-F7B8854EC907}.Debug|Any CPU.ActiveCfg = Debug|Any CPU
		{05E7E1A9-BD6E-457E-A0F3-F7B8854EC907}.Debug|Any CPU.Build.0 = Debug|Any CPU
		{05E7E1A9-BD6E-457E-A0F3-F7B8854EC907}.Release|Any CPU.ActiveCfg = Release|Any CPU
		{05E7E1A9-BD6E-457E-A0F3-F7B8854EC907}.Release|Any CPU.Build.0 = Release|Any CPU
	EndGlobalSection
	GlobalSection(SolutionProperties) = preSolution
		HideSolutionNode = FALSE
	EndGlobalSection
	GlobalSection(ExtensibilityGlobals) = postSolution
		SolutionGuid = {C7DBF424-1BAB-4267-8BC1-AC1C264F515C}
	EndGlobalSection
EndGlobal
